
Microsoft Visual Studio Solution File, Format Version 12.00
# Visual Studio Version 16
VisualStudioVersion = 16.0.30413.136
MinimumVisualStudioVersion = 10.0.40219.1
Project("{FAE04EC0-301F-11D3-BF4B-00C04F79EFBC}") = "MusicWorld", "MusicWorld\MusicWorld.csproj", "{8A02F58D-8E86-49D0-8F0B-2A5372D97A2C}"
EndProject
Global
	GlobalSection(SolutionConfigurationPlatforms) = preSolution
		Debug|Any CPU = Debug|Any CPU
		Release|Any CPU = Release|Any CPU
	EndGlobalSection
	GlobalSection(ProjectConfigurationPlatforms) = postSolution
		{8A02F58D-8E86-49D0-8F0B-2A5372D97A2C}.Debug|Any CPU.ActiveCfg = Debug|Any CPU
		{8A02F58D-8E86-49D0-8F0B-2A5372D97A2C}.Debug|Any CPU.Build.0 = Debug|Any CPU
		{8A02F58D-8E86-49D0-8F0B-2A5372D97A2C}.Release|Any CPU.ActiveCfg = Release|Any CPU
		{8A02F58D-8E86-49D0-8F0B-2A5372D97A2C}.Release|Any CPU.Build.0 = Release|Any CPU
	EndGlobalSection
	GlobalSection(SolutionProperties) = preSolution
		HideSolutionNode = FALSE
	EndGlobalSection
	GlobalSection(ExtensibilityGlobals) = postSolution
		SolutionGuid = {15386242-B6F6-4D54-BD1D-82003C34B88A}
	EndGlobalSection
EndGlobal
